// !$*UTF8*$!
{
	archiveVersion = 1;
	classes = {
	};
	objectVersion = 56;
	objects = {

/* Begin PBXBuildFile section */
		0D0E1912612688D84C044023 /* Pods_Homework10.framework in Frameworks */ = {isa = PBXBuildFile; fileRef = 799EB0EA20F0BB8EB42290F9 /* Pods_Homework10.framework */; };
		842925CA2978311D00C4FE30 /* AppDelegate.swift in Sources */ = {isa = PBXBuildFile; fileRef = 842925C92978311D00C4FE30 /* AppDelegate.swift */; };
		842925CC2978311D00C4FE30 /* SceneDelegate.swift in Sources */ = {isa = PBXBuildFile; fileRef = 842925CB2978311D00C4FE30 /* SceneDelegate.swift */; };
		842925CE2978311D00C4FE30 /* ViewController.swift in Sources */ = {isa = PBXBuildFile; fileRef = 842925CD2978311D00C4FE30 /* ViewController.swift */; };
		842925D32978311F00C4FE30 /* Assets.xcassets in Resources */ = {isa = PBXBuildFile; fileRef = 842925D22978311F00C4FE30 /* Assets.xcassets */; };
		842925D62978311F00C4FE30 /* LaunchScreen.storyboard in Resources */ = {isa = PBXBuildFile; fileRef = 842925D42978311F00C4FE30 /* LaunchScreen.storyboard */; };
		843FC0892978916C003875F1 /* MyFirstCollectionViewCell.swift in Sources */ = {isa = PBXBuildFile; fileRef = 843FC0882978916C003875F1 /* MyFirstCollectionViewCell.swift */; };
		843FC08B29789503003875F1 /* MySecondCollectionViewCell.swift in Sources */ = {isa = PBXBuildFile; fileRef = 843FC08A29789503003875F1 /* MySecondCollectionViewCell.swift */; };
		844CE0ED297C6DEE00BACA83 /* SecondCollectionViewCell.swift in Sources */ = {isa = PBXBuildFile; fileRef = 844CE0EC297C6DEE00BACA83 /* SecondCollectionViewCell.swift */; };
/* End PBXBuildFile section */

/* Begin PBXFileReference section */
		03A61FC9A7144CF0CF46DB05 /* Pods-Homework10.debug.xcconfig */ = {isa = PBXFileReference; includeInIndex = 1; lastKnownFileType = text.xcconfig; name = "Pods-Homework10.debug.xcconfig"; path = "Target Support Files/Pods-Homework10/Pods-Homework10.debug.xcconfig"; sourceTree = "<group>"; };
		46FBC060B19B8C0B19C2FB11 /* Pods-Homework10.release.xcconfig */ = {isa = PBXFileReference; includeInIndex = 1; lastKnownFileType = text.xcconfig; name = "Pods-Homework10.release.xcconfig"; path = "Target Support Files/Pods-Homework10/Pods-Homework10.release.xcconfig"; sourceTree = "<group>"; };
		799EB0EA20F0BB8EB42290F9 /* Pods_Homework10.framework */ = {isa = PBXFileReference; explicitFileType = wrapper.framework; includeInIndex = 0; path = Pods_Homework10.framework; sourceTree = BUILT_PRODUCTS_DIR; };
		842925C62978311D00C4FE30 /* Homework10.app */ = {isa = PBXFileReference; explicitFileType = wrapper.application; includeInIndex = 0; path = Homework10.app; sourceTree = BUILT_PRODUCTS_DIR; };
		842925C92978311D00C4FE30 /* AppDelegate.swift */ = {isa = PBXFileReference; lastKnownFileType = sourcecode.swift; path = AppDelegate.swift; sourceTree = "<group>"; };
		842925CB2978311D00C4FE30 /* SceneDelegate.swift */ = {isa = PBXFileReference; lastKnownFileType = sourcecode.swift; path = SceneDelegate.swift; sourceTree = "<group>"; };
		842925CD2978311D00C4FE30 /* ViewController.swift */ = {isa = PBXFileReference; lastKnownFileType = sourcecode.swift; path = ViewController.swift; sourceTree = "<group>"; };
		842925D22978311F00C4FE30 /* Assets.xcassets */ = {isa = PBXFileReference; lastKnownFileType = folder.assetcatalog; path = Assets.xcassets; sourceTree = "<group>"; };
		842925D52978311F00C4FE30 /* Base */ = {isa = PBXFileReference; lastKnownFileType = file.storyboard; name = Base; path = Base.lproj/LaunchScreen.storyboard; sourceTree = "<group>"; };
		842925D72978311F00C4FE30 /* Info.plist */ = {isa = PBXFileReference; lastKnownFileType = text.plist.xml; path = Info.plist; sourceTree = "<group>"; };
		843FC0882978916C003875F1 /* MyFirstCollectionViewCell.swift */ = {isa = PBXFileReference; lastKnownFileType = sourcecode.swift; path = MyFirstCollectionViewCell.swift; sourceTree = "<group>"; };
		843FC08A29789503003875F1 /* MySecondCollectionViewCell.swift */ = {isa = PBXFileReference; lastKnownFileType = sourcecode.swift; path = MySecondCollectionViewCell.swift; sourceTree = "<group>"; };
		844CE0EC297C6DEE00BACA83 /* SecondCollectionViewCell.swift */ = {isa = PBXFileReference; lastKnownFileType = sourcecode.swift; path = SecondCollectionViewCell.swift; sourceTree = "<group>"; };
/* End PBXFileReference section */

/* Begin PBXFrameworksBuildPhase section */
		842925C32978311D00C4FE30 /* Frameworks */ = {
			isa = PBXFrameworksBuildPhase;
			buildActionMask = 2147483647;
			files = (
				0D0E1912612688D84C044023 /* Pods_Homework10.framework in Frameworks */,
			);
			runOnlyForDeploymentPostprocessing = 0;
		};
/* End PBXFrameworksBuildPhase section */

/* Begin PBXGroup section */
		842925BD2978311D00C4FE30 = {
			isa = PBXGroup;
			children = (
				842925C82978311D00C4FE30 /* Homework10 */,
				842925C72978311D00C4FE30 /* Products */,
				D24A6EA5F7970D32C5DDA8A0 /* Pods */,
				D77B9DF29042D1D6B688EDF6 /* Frameworks */,
			);
			sourceTree = "<group>";
		};
		842925C72978311D00C4FE30 /* Products */ = {
			isa = PBXGroup;
			children = (
				842925C62978311D00C4FE30 /* Homework10.app */,
			);
			name = Products;
			sourceTree = "<group>";
		};
		842925C82978311D00C4FE30 /* Homework10 */ = {
			isa = PBXGroup;
			children = (
				843FC08529788DBB003875F1 /* views */,
				842925C92978311D00C4FE30 /* AppDelegate.swift */,
				842925CB2978311D00C4FE30 /* SceneDelegate.swift */,
				842925CD2978311D00C4FE30 /* ViewController.swift */,
				842925D22978311F00C4FE30 /* Assets.xcassets */,
				842925D42978311F00C4FE30 /* LaunchScreen.storyboard */,
				842925D72978311F00C4FE30 /* Info.plist */,
			);
			path = Homework10;
			sourceTree = "<group>";
		};
		843FC08529788DBB003875F1 /* views */ = {
			isa = PBXGroup;
			children = (
				843FC0882978916C003875F1 /* MyFirstCollectionViewCell.swift */,
				843FC08A29789503003875F1 /* MySecondCollectionViewCell.swift */,
				844CE0EC297C6DEE00BACA83 /* SecondCollectionViewCell.swift */,
			);
			path = views;
			sourceTree = "<group>";
		};
		D24A6EA5F7970D32C5DDA8A0 /* Pods */ = {
			isa = PBXGroup;
			children = (
				03A61FC9A7144CF0CF46DB05 /* Pods-Homework10.debug.xcconfig */,
				46FBC060B19B8C0B19C2FB11 /* Pods-Homework10.release.xcconfig */,
			);
			path = Pods;
			sourceTree = "<group>";
		};
		D77B9DF29042D1D6B688EDF6 /* Frameworks */ = {
			isa = PBXGroup;
			children = (
				799EB0EA20F0BB8EB42290F9 /* Pods_Homework10.framework */,
			);
			name = Frameworks;
			sourceTree = "<group>";
		};
/* End PBXGroup section */

/* Begin PBXNativeTarget section */
		842925C52978311D00C4FE30 /* Homework10 */ = {
			isa = PBXNativeTarget;
			buildConfigurationList = 842925DA2978311F00C4FE30 /* Build configuration list for PBXNativeTarget "Homework10" */;
			buildPhases = (
				495A7BE5AB54FE7712679E5F /* [CP] Check Pods Manifest.lock */,
				842925C22978311D00C4FE30 /* Sources */,
				842925C32978311D00C4FE30 /* Frameworks */,
				842925C42978311D00C4FE30 /* Resources */,
				791EBD264E949092F71F54E9 /* [CP] Embed Pods Frameworks */,
			);
			buildRules = (
			);
			dependencies = (
			);
			name = Homework10;
			productName = Homework10;
			productReference = 842925C62978311D00C4FE30 /* Homework10.app */;
			productType = "com.apple.product-type.application";
		};
/* End PBXNativeTarget section */

/* Begin PBXProject section */
		842925BE2978311D00C4FE30 /* Project object */ = {
			isa = PBXProject;
			attributes = {
				BuildIndependentTargetsInParallel = 1;
				LastSwiftUpdateCheck = 1410;
				LastUpgradeCheck = 1410;
				TargetAttributes = {
					842925C52978311D00C4FE30 = {
						CreatedOnToolsVersion = 14.1;
					};
				};
			};
			buildConfigurationList = 842925C12978311D00C4FE30 /* Build configuration list for PBXProject "Homework10" */;
			compatibilityVersion = "Xcode 14.0";
			developmentRegion = en;
			hasScannedForEncodings = 0;
			knownRegions = (
				en,
				Base,
			);
			mainGroup = 842925BD2978311D00C4FE30;
			productRefGroup = 842925C72978311D00C4FE30 /* Products */;
			projectDirPath = "";
			projectRoot = "";
			targets = (
				842925C52978311D00C4FE30 /* Homework10 */,
			);
		};
/* End PBXProject section */

/* Begin PBXResourcesBuildPhase section */
		842925C42978311D00C4FE30 /* Resources */ = {
			isa = PBXResourcesBuildPhase;
			buildActionMask = 2147483647;
			files = (
				842925D62978311F00C4FE30 /* LaunchScreen.storyboard in Resources */,
				842925D32978311F00C4FE30 /* Assets.xcassets in Resources */,
			);
			runOnlyForDeploymentPostprocessing = 0;
		};
/* End PBXResourcesBuildPhase section */

/* Begin PBXShellScriptBuildPhase section */
		495A7BE5AB54FE7712679E5F /* [CP] Check Pods Manifest.lock */ = {
			isa = PBXShellScriptBuildPhase;
			buildActionMask = 2147483647;
			files = (
			);
			inputFileListPaths = (
			);
			inputPaths = (
				"${PODS_PODFILE_DIR_PATH}/Podfile.lock",
				"${PODS_ROOT}/Manifest.lock",
			);
			name = "[CP] Check Pods Manifest.lock";
			outputFileListPaths = (
			);
			outputPaths = (
				"$(DERIVED_FILE_DIR)/Pods-Homework10-checkManifestLockResult.txt",
			);
			runOnlyForDeploymentPostprocessing = 0;
			shellPath = /bin/sh;
			shellScript = "diff \"${PODS_PODFILE_DIR_PATH}/Podfile.lock\" \"${PODS_ROOT}/Manifest.lock\" > /dev/null\nif [ $? != 0 ] ; then\n    # print error to STDERR\n    echo \"error: The sandbox is not in sync with the Podfile.lock. Run 'pod install' or update your CocoaPods installation.\" >&2\n    exit 1\nfi\n# This output is used by Xcode 'outputs' to avoid re-running this script phase.\necho \"SUCCESS\" > \"${SCRIPT_OUTPUT_FILE_0}\"\n";
			showEnvVarsInLog = 0;
		};
		791EBD264E949092F71F54E9 /* [CP] Embed Pods Frameworks */ = {
			isa = PBXShellScriptBuildPhase;
			buildActionMask = 2147483647;
			files = (
			);
			inputFileListPaths = (
				"${PODS_ROOT}/Target Support Files/Pods-Homework10/Pods-Homework10-frameworks-${CONFIGURATION}-input-files.xcfilelist",
			);
			name = "[CP] Embed Pods Frameworks";
			outputFileListPaths = (
				"${PODS_ROOT}/Target Support Files/Pods-Homework10/Pods-Homework10-frameworks-${CONFIGURATION}-output-files.xcfilelist",
			);
			runOnlyForDeploymentPostprocessing = 0;
			shellPath = /bin/sh;
			shellScript = "\"${PODS_ROOT}/Target Support Files/Pods-Homework10/Pods-Homework10-frameworks.sh\"\n";
			showEnvVarsInLog = 0;
		};
/* End PBXShellScriptBuildPhase section */

/* Begin PBXSourcesBuildPhase section */
		842925C22978311D00C4FE30 /* Sources */ = {
			isa = PBXSourcesBuildPhase;
			buildActionMask = 2147483647;
			files = (
				844CE0ED297C6DEE00BACA83 /* SecondCollectionViewCell.swift in Sources */,
				842925CE2978311D00C4FE30 /* ViewController.swift in Sources */,
				843FC08B29789503003875F1 /* MySecondCollectionViewCell.swift in Sources */,
				843FC0892978916C003875F1 /* MyFirstCollectionViewCell.swift in Sources */,
				842925CA2978311D00C4FE30 /* AppDelegate.swift in Sources */,
				842925CC2978311D00C4FE30 /* SceneDelegate.swift in Sources */,
			);
			runOnlyForDeploymentPostprocessing = 0;
		};
/* End PBXSourcesBuildPhase section */

/* Begin PBXVariantGroup section */
		842925D42978311F00C4FE30 /* LaunchScreen.storyboard */ = {
			isa = PBXVariantGroup;
			children = (
				842925D52978311F00C4FE30 /* Base */,
			);
			name = LaunchScreen.storyboard;
			sourceTree = "<group>";
		};
/* End PBXVariantGroup section */

/* Begin XCBuildConfiguration section */
		842925D82978311F00C4FE30 /* Debug */ = {
			isa = XCBuildConfiguration;
			buildSettings = {
				ALWAYS_SEARCH_USER_PATHS = NO;
				CLANG_ANALYZER_NONNULL = YES;
				CLANG_ANALYZER_NUMBER_OBJECT_CONVERSION = YES_AGGRESSIVE;
				CLANG_CXX_LANGUAGE_STANDARD = "gnu++20";
				CLANG_ENABLE_MODULES = YES;
				CLANG_ENABLE_OBJC_ARC = YES;
				CLANG_ENABLE_OBJC_WEAK = YES;
				CLANG_WARN_BLOCK_CAPTURE_AUTORELEASING = YES;
				CLANG_WARN_BOOL_CONVERSION = YES;
				CLANG_WARN_COMMA = YES;
				CLANG_WARN_CONSTANT_CONVERSION = YES;
				CLANG_WARN_DEPRECATED_OBJC_IMPLEMENTATIONS = YES;
				CLANG_WARN_DIRECT_OBJC_ISA_USAGE = YES_ERROR;
				CLANG_WARN_DOCUMENTATION_COMMENTS = YES;
				CLANG_WARN_EMPTY_BODY = YES;
				CLANG_WARN_ENUM_CONVERSION = YES;
				CLANG_WARN_INFINITE_RECURSION = YES;
				CLANG_WARN_INT_CONVERSION = YES;
				CLANG_WARN_NON_LITERAL_NULL_CONVERSION = YES;
				CLANG_WARN_OBJC_IMPLICIT_RETAIN_SELF = YES;
				CLANG_WARN_OBJC_LITERAL_CONVERSION = YES;
				CLANG_WARN_OBJC_ROOT_CLASS = YES_ERROR;
				CLANG_WARN_QUOTED_INCLUDE_IN_FRAMEWORK_HEADER = YES;
				CLANG_WARN_RANGE_LOOP_ANALYSIS = YES;
				CLANG_WARN_STRICT_PROTOTYPES = YES;
				CLANG_WARN_SUSPICIOUS_MOVE = YES;
				CLANG_WARN_UNGUARDED_AVAILABILITY = YES_AGGRESSIVE;
				CLANG_WARN_UNREACHABLE_CODE = YES;
				CLANG_WARN__DUPLICATE_METHOD_MATCH = YES;
				COPY_PHASE_STRIP = NO;
				DEBUG_INFORMATION_FORMAT = dwarf;
				ENABLE_STRICT_OBJC_MSGSEND = YES;
				ENABLE_TESTABILITY = YES;
				GCC_C_LANGUAGE_STANDARD = gnu11;
				GCC_DYNAMIC_NO_PIC = NO;
				GCC_NO_COMMON_BLOCKS = YES;
				GCC_OPTIMIZATION_LEVEL = 0;
				GCC_PREPROCESSOR_DEFINITIONS = (
					"DEBUG=1",
					"$(inherited)",
				);
				GCC_WARN_64_TO_32_BIT_CONVERSION = YES;
				GCC_WARN_ABOUT_RETURN_TYPE = YES_ERROR;
				GCC_WARN_UNDECLARED_SELECTOR = YES;
				GCC_WARN_UNINITIALIZED_AUTOS = YES_AGGRESSIVE;
				GCC_WARN_UNUSED_FUNCTION = YES;
				GCC_WARN_UNUSED_VARIABLE = YES;
				IPHONEOS_DEPLOYMENT_TARGET = 16.1;
				MTL_ENABLE_DEBUG_INFO = INCLUDE_SOURCE;
				MTL_FAST_MATH = YES;
				ONLY_ACTIVE_ARCH = YES;
				SDKROOT = iphoneos;
				SWIFT_ACTIVE_COMPILATION_CONDITIONS = DEBUG;
				SWIFT_OPTIMIZATION_LEVEL = "-Onone";
			};
			name = Debug;
		};
		842925D92978311F00C4FE30 /* Release */ = {
			isa = XCBuildConfiguration;
			buildSettings = {
				ALWAYS_SEARCH_USER_PATHS = NO;
				CLANG_ANALYZER_NONNULL = YES;
				CLANG_ANALYZER_NUMBER_OBJECT_CONVERSION = YES_AGGRESSIVE;
				CLANG_CXX_LANGUAGE_STANDARD = "gnu++20";
				CLANG_ENABLE_MODULES = YES;
				CLANG_ENABLE_OBJC_ARC = YES;
				CLANG_ENABLE_OBJC_WEAK = YES;
				CLANG_WARN_BLOCK_CAPTURE_AUTORELEASING = YES;
				CLANG_WARN_BOOL_CONVERSION = YES;
				CLANG_WARN_COMMA = YES;
				CLANG_WARN_CONSTANT_CONVERSION = YES;
				CLANG_WARN_DEPRECATED_OBJC_IMPLEMENTATIONS = YES;
				CLANG_WARN_DIRECT_OBJC_ISA_USAGE = YES_ERROR;
				CLANG_WARN_DOCUMENTATION_COMMENTS = YES;
				CLANG_WARN_EMPTY_BODY = YES;
				CLANG_WARN_ENUM_CONVERSION = YES;
				CLANG_WARN_INFINITE_RECURSION = YES;
				CLANG_WARN_INT_CONVERSION = YES;
				CLANG_WARN_NON_LITERAL_NULL_CONVERSION = YES;
				CLANG_WARN_OBJC_IMPLICIT_RETAIN_SELF = YES;
				CLANG_WARN_OBJC_LITERAL_CONVERSION = YES;
				CLANG_WARN_OBJC_ROOT_CLASS = YES_ERROR;
				CLANG_WARN_QUOTED_INCLUDE_IN_FRAMEWORK_HEADER = YES;
				CLANG_WARN_RANGE_LOOP_ANALYSIS = YES;
				CLANG_WARN_STRICT_PROTOTYPES = YES;
				CLANG_WARN_SUSPICIOUS_MOVE = YES;
				CLANG_WARN_UNGUARDED_AVAILABILITY = YES_AGGRESSIVE;
				CLANG_WARN_UNREACHABLE_CODE = YES;
				CLANG_WARN__DUPLICATE_METHOD_MATCH = YES;
				COPY_PHASE_STRIP = NO;
				DEBUG_INFORMATION_FORMAT = "dwarf-with-dsym";
				ENABLE_NS_ASSERTIONS = NO;
				ENABLE_STRICT_OBJC_MSGSEND = YES;
				GCC_C_LANGUAGE_STANDARD = gnu11;
				GCC_NO_COMMON_BLOCKS = YES;
				GCC_WARN_64_TO_32_BIT_CONVERSION = YES;
				GCC_WARN_ABOUT_RETURN_TYPE = YES_ERROR;
				GCC_WARN_UNDECLARED_SELECTOR = YES;
				GCC_WARN_UNINITIALIZED_AUTOS = YES_AGGRESSIVE;
				GCC_WARN_UNUSED_FUNCTION = YES;
				GCC_WARN_UNUSED_VARIABLE = YES;
				IPHONEOS_DEPLOYMENT_TARGET = 16.1;
				MTL_ENABLE_DEBUG_INFO = NO;
				MTL_FAST_MATH = YES;
				SDKROOT = iphoneos;
				SWIFT_COMPILATION_MODE = wholemodule;
				SWIFT_OPTIMIZATION_LEVEL = "-O";
				VALIDATE_PRODUCT = YES;
			};
			name = Release;
		};
		842925DB2978311F00C4FE30 /* Debug */ = {
			isa = XCBuildConfiguration;
			baseConfigurationReference = 03A61FC9A7144CF0CF46DB05 /* Pods-Homework10.debug.xcconfig */;
			buildSettings = {
				ASSETCATALOG_COMPILER_APPICON_NAME = AppIcon;
				ASSETCATALOG_COMPILER_GLOBAL_ACCENT_COLOR_NAME = AccentColor;
				CODE_SIGN_STYLE = Automatic;
				CURRENT_PROJECT_VERSION = 1;
				GENERATE_INFOPLIST_FILE = YES;
				INFOPLIST_FILE = Homework10/Info.plist;
				INFOPLIST_KEY_UIApplicationSupportsIndirectInputEvents = YES;
				INFOPLIST_KEY_UILaunchStoryboardName = LaunchScreen;
				INFOPLIST_KEY_UISupportedInterfaceOrientations_iPad = "UIInterfaceOrientationPortrait UIInterfaceOrientationPortraitUpsideDown UIInterfaceOrientationLandscapeLeft UIInterfaceOrientationLandscapeRight";
				INFOPLIST_KEY_UISupportedInterfaceOrientations_iPhone = "UIInterfaceOrientationPortrait UIInterfaceOrientationLandscapeLeft UIInterfaceOrientationLandscapeRight";
				LD_RUNPATH_SEARCH_PATHS = (
					"$(inherited)",
					"@executable_path/Frameworks",
				);
				MARKETING_VERSION = 1.0;
				PRODUCT_BUNDLE_IDENTIFIER = com.pokerface.Homework10;
				PRODUCT_NAME = "$(TARGET_NAME)";
				SWIFT_EMIT_LOC_STRINGS = YES;
				SWIFT_VERSION = 5.0;
				TARGETED_DEVICE_FAMILY = "1,2";
			};
			name = Debug;
		};
		842925DC2978311F00C4FE30 /* Release */ = {
			isa = XCBuildConfiguration;
			baseConfigurationReference = 46FBC060B19B8C0B19C2FB11 /* Pods-Homework10.release.xcconfig */;
			buildSettings = {
				ASSETCATALOG_COMPILER_APPICON_NAME = AppIcon;
				ASSETCATALOG_COMPILER_GLOBAL_ACCENT_COLOR_NAME = AccentColor;
				CODE_SIGN_STYLE = Automatic;
				CURRENT_PROJECT_VERSION = 1;
				GENERATE_INFOPLIST_FILE = YES;
				INFOPLIST_FILE = Homework10/Info.plist;
				INFOPLIST_KEY_UIApplicationSupportsIndirectInputEvents = YES;
				INFOPLIST_KEY_UILaunchStoryboardName = LaunchScreen;
				INFOPLIST_KEY_UISupportedInterfaceOrientations_iPad = "UIInterfaceOrientationPortrait UIInterfaceOrientationPortraitUpsideDown UIInterfaceOrientationLandscapeLeft UIInterfaceOrientationLandscapeRight";
				INFOPLIST_KEY_UISupportedInterfaceOrientations_iPhone = "UIInterfaceOrientationPortrait UIInterfaceOrientationLandscapeLeft UIInterfaceOrientationLandscapeRight";
				LD_RUNPATH_SEARCH_PATHS = (
					"$(inherited)",
					"@executable_path/Frameworks",
				);
				MARKETING_VERSION = 1.0;
				PRODUCT_BUNDLE_IDENTIFIER = com.pokerface.Homework10;
				PRODUCT_NAME = "$(TARGET_NAME)";
				SWIFT_EMIT_LOC_STRINGS = YES;
				SWIFT_VERSION = 5.0;
				TARGETED_DEVICE_FAMILY = "1,2";
			};
			name = Release;
		};
/* End XCBuildConfiguration section */

/* Begin XCConfigurationList section */
		842925C12978311D00C4FE30 /* Build configuration list for PBXProject "Homework10" */ = {
			isa = XCConfigurationList;
			buildConfigurations = (
				842925D82978311F00C4FE30 /* Debug */,
				842925D92978311F00C4FE30 /* Release */,
			);
			defaultConfigurationIsVisible = 0;
			defaultConfigurationName = Release;
		};
		842925DA2978311F00C4FE30 /* Build configuration list for PBXNativeTarget "Homework10" */ = {
			isa = XCConfigurationList;
			buildConfigurations = (
				842925DB2978311F00C4FE30 /* Debug */,
				842925DC2978311F00C4FE30 /* Release */,
			);
			defaultConfigurationIsVisible = 0;
			defaultConfigurationName = Release;
		};
/* End XCConfigurationList section */
	};
	rootObject = 842925BE2978311D00C4FE30 /* Project object */;
}
